{
    "hash": "0fc440fbffadd9e79d52ff65e5aa4b64",
    "packages": [
        {
            "name": "evenement/evenement",
            "version": "v1.0.0",
            "source": {
                "type": "git",
                "url": "https://github.com/igorw/evenement",
                "reference": "v1.0.0"
            },
            "dist": {
                "type": "zip",
                "url": "https://github.com/igorw/evenement/zipball/v1.0.0",
                "reference": "v1.0.0",
                "shasum": ""
            },
            "require": {
                "php": ">=5.3.0"
            },
            "type": "library",
            "autoload": {
                "psr-0": {
                    "Evenement": "src"
                }
            },
            "time": "2012-05-30 15:01:08"
        },
        {
            "name": "react/cache",
            "version": "v0.3.0",
            "target-dir": "React/Cache",
            "source": {
                "type": "git",
                "url": "https://github.com/reactphp/cache.git",
                "reference": "v0.3.0"
            },
            "dist": {
                "type": "zip",
                "url": "https://api.github.com/repos/reactphp/cache/zipball/v0.3.0",
                "reference": "v0.3.0",
                "shasum": ""
            },
            "require": {
                "php": ">=5.3.2",
                "react/promise": ">=1.0,<2.0"
            },
            "type": "library",
            "extra": {
                "branch-alias": {
                    "dev-master": "0.3-dev"
                }
            },
            "autoload": {
                "psr-0": {
                    "React\\Cache": ""
                }
            },
            "notification-url": "https://packagist.org/downloads/",
            "license": [
                "MIT"
            ],
            "description": "Async caching.",
            "keywords": [
                "cache"
            ],
            "time": "2013-01-20 19:13:14"
        },
        {
            "name": "react/dns",
            "version": "v0.3.0",
            "target-dir": "React/Dns",
            "source": {
                "type": "git",
                "url": "https://github.com/reactphp/dns.git",
                "reference": "v0.3.0"
            },
            "dist": {
                "type": "zip",
                "url": "https://api.github.com/repos/reactphp/dns/zipball/v0.3.0",
                "reference": "v0.3.0",
                "shasum": ""
            },
            "require": {
                "php": ">=5.3.2",
                "react/cache": "0.3.*",
                "react/promise": ">=1.0,<2.0",
                "react/socket": "0.3.*"
            },
            "type": "library",
            "extra": {
                "branch-alias": {
                    "dev-master": "0.3-dev"
                }
            },
            "autoload": {
                "psr-0": {
                    "React\\Dns": ""
                }
            },
            "notification-url": "https://packagist.org/downloads/",
            "license": [
                "MIT"
            ],
            "description": "Async DNS resolver.",
            "keywords": [
                "dns",
                "dns-resolver"
            ],
            "time": "2013-01-20 19:13:14"
        },
        {
            "name": "react/event-loop",
            "version": "v0.3.0",
            "target-dir": "React/EventLoop",
            "source": {
                "type": "git",
                "url": "https://github.com/reactphp/event-loop.git",
                "reference": "v0.3.0"
            },
            "dist": {
                "type": "zip",
                "url": "https://api.github.com/repos/reactphp/event-loop/zipball/v0.3.0",
                "reference": "v0.3.0",
                "shasum": ""
            },
            "require": {
                "php": ">=5.3.3"
            },
            "suggest": {
                "ext-libev": "*",
                "ext-libevent": ">=0.0.5"
            },
            "type": "library",
            "extra": {
                "branch-alias": {
                    "dev-master": "0.3-dev"
                }
            },
            "autoload": {
                "psr-0": {
                    "React\\EventLoop": ""
                }
            },
            "notification-url": "https://packagist.org/downloads/",
            "license": [
                "MIT"
            ],
            "description": "Event loop abstraction layer that libraries can use for evented I/O.",
            "keywords": [
                "event-loop"
            ],
            "time": "2013-01-14 23:11:47"
        },
        {
            "name": "react/promise",
            "version": "v1.0.4",
            "source": {
                "type": "git",
                "url": "https://github.com/reactphp/promise.git",
                "reference": "v1.0.4"
            },
            "dist": {
                "type": "zip",
                "url": "https://api.github.com/repos/reactphp/promise/zipball/v1.0.4",
                "reference": "v1.0.4",
                "shasum": ""
            },
            "require": {
                "php": ">=5.3.3"
            },
            "type": "library",
            "extra": {
                "branch-alias": {
                    "dev-master": "1.0-dev"
                }
            },
            "autoload": {
                "psr-0": {
                    "React\\Promise": "src/"
                }
            },
            "notification-url": "https://packagist.org/downloads/",
            "license": [
                "MIT"
            ],
            "authors": [
                {
                    "name": "Jan Sorgalla",
                    "email": "jsorgalla@googlemail.com",
                    "homepage": "http://sorgalla.com",
                    "role": "maintainer"
                }
            ],
            "description": "A lightweight implementation of CommonJS Promises/A for PHP",
            "time": "2013-04-03 14:05:55"
        },
        {
            "name": "react/socket",
            "version": "v0.3.0",
            "target-dir": "React/Socket",
            "source": {
                "type": "git",
                "url": "https://github.com/reactphp/socket.git",
                "reference": "v0.3.0"
            },
            "dist": {
                "type": "zip",
                "url": "https://api.github.com/repos/reactphp/socket/zipball/v0.3.0",
                "reference": "v0.3.0",
                "shasum": ""
            },
            "require": {
                "evenement/evenement": "1.0.*",
                "php": ">=5.3.3",
                "react/event-loop": "0.3.*",
                "react/stream": "0.3.*"
            },
            "type": "library",
            "extra": {
                "branch-alias": {
                    "dev-master": "0.3-dev"
                }
            },
            "autoload": {
                "psr-0": {
                    "React\\Socket": ""
                }
            },
            "notification-url": "https://packagist.org/downloads/",
            "license": [
                "MIT"
            ],
            "description": "Library for building an evented socket server.",
            "keywords": [
                "Socket"
            ],
            "time": "2013-01-21 04:20:49"
        },
        {
            "name": "react/socket-client",
            "version": "v0.3.0",
            "target-dir": "React/SocketClient",
            "source": {
                "type": "git",
                "url": "https://github.com/reactphp/socket-client.git",
                "reference": "v0.3.0"
            },
            "dist": {
                "type": "zip",
                "url": "https://api.github.com/repos/reactphp/socket-client/zipball/v0.3.0",
                "reference": "v0.3.0",
                "shasum": ""
            },
            "require": {
                "php": ">=5.3.3",
                "react/dns": "0.3.*",
                "react/event-loop": "0.3.*",
                "react/promise": ">=1.0,<2.0"
            },
            "type": "library",
            "extra": {
                "branch-alias": {
                    "dev-master": "0.3-dev"
                }
            },
            "autoload": {
                "psr-0": {
                    "React\\SocketClient": ""
                }
            },
            "notification-url": "https://packagist.org/downloads/",
            "license": [
                "MIT"
            ],
            "description": "Async connector to open TCP/IP and SSL/TLS based connections.",
            "keywords": [
                "Socket"
            ],
            "time": "2013-04-14 21:14:39"
        },
        {
            "name": "react/stream",
            "version": "v0.3.0",
            "target-dir": "React/Stream",
            "source": {
                "type": "git",
                "url": "https://github.com/reactphp/stream.git",
                "reference": "v0.3.0"
            },
            "dist": {
                "type": "zip",
                "url": "https://api.github.com/repos/reactphp/stream/zipball/v0.3.0",
                "reference": "v0.3.0",
                "shasum": ""
            },
            "require": {
                "evenement/evenement": "1.0.*",
                "php": ">=5.3.3"
            },
            "suggest": {
                "react/event-loop": "0.3.*",
                "react/promise": "~1.0"
            },
            "type": "library",
            "extra": {
                "branch-alias": {
                    "dev-master": "0.3-dev"
                }
            },
            "autoload": {
                "psr-0": {
                    "React\\Stream": ""
                }
            },
            "notification-url": "https://packagist.org/downloads/",
            "license": [
                "MIT"
            ],
            "description": "Basic readable and writable stream interfaces that support piping.",
            "keywords": [
                "pipe",
                "stream"
            ],
            "time": "2013-04-14 02:10:39"
        }
    ],
    "packages-dev": [

    ],
    "aliases": [

    ],
    "minimum-stability": "stable",
    "stability-flags": [

    ],
    "platform": {
        "php": ">=5.3.2"
    },
    "platform-dev": [

    ]
}
